
Microsoft Visual Studio Solution File, Format Version 12.00
# Visual Studio 15
VisualStudioVersion = 15.0.28307.2092
MinimumVisualStudioVersion = 10.0.40219.1
Project("{FAE04EC0-301F-11D3-BF4B-00C04F79EFBC}") = "ReportesUdec", "ReportesUdec.csproj", "{D0537F5B-0790-490A-A424-55F7215679C1}"
EndProject
Project("{FAE04EC0-301F-11D3-BF4B-00C04F79EFBC}") = "Pruebas", "..\Pruebas\Pruebas.csproj", "{B832C34E-E75B-48C5-A2CD-EB1D3B3C0311}"
EndProject
Global
	GlobalSection(SolutionConfigurationPlatforms) = preSolution
		Debug|Any CPU = Debug|Any CPU
		Release|Any CPU = Release|Any CPU
	EndGlobalSection
	GlobalSection(ProjectConfigurationPlatforms) = postSolution
		{D0537F5B-0790-490A-A424-55F7215679C1}.Debug|Any CPU.ActiveCfg = Debug|Any CPU
		{D0537F5B-0790-490A-A424-55F7215679C1}.Debug|Any CPU.Build.0 = Debug|Any CPU
		{D0537F5B-0790-490A-A424-55F7215679C1}.Release|Any CPU.ActiveCfg = Release|Any CPU
		{D0537F5B-0790-490A-A424-55F7215679C1}.Release|Any CPU.Build.0 = Release|Any CPU
		{B832C34E-E75B-48C5-A2CD-EB1D3B3C0311}.Debug|Any CPU.ActiveCfg = Debug|Any CPU
		{B832C34E-E75B-48C5-A2CD-EB1D3B3C0311}.Debug|Any CPU.Build.0 = Debug|Any CPU
		{B832C34E-E75B-48C5-A2CD-EB1D3B3C0311}.Release|Any CPU.ActiveCfg = Release|Any CPU
		{B832C34E-E75B-48C5-A2CD-EB1D3B3C0311}.Release|Any CPU.Build.0 = Release|Any CPU
	EndGlobalSection
	GlobalSection(SolutionProperties) = preSolution
		HideSolutionNode = FALSE
	EndGlobalSection
	GlobalSection(ExtensibilityGlobals) = postSolution
		SolutionGuid = {79DAE29F-EF06-4398-99C3-C7061B93ADB5}
	EndGlobalSection
EndGlobal
